
Microsoft Visual Studio Solution File, Format Version 12.00
# Visual Studio Version 17
VisualStudioVersion = 17.4.33205.214
MinimumVisualStudioVersion = 10.0.40219.1
Project("{FAE04EC0-301F-11D3-BF4B-00C04F79EFBC}") = "BulkyBookWeb", "BulkyBookWeb\BulkyBookWeb.csproj", "{94183FFB-DEEC-44B6-9A71-FDD81B609018}"
EndProject
Global
	GlobalSection(SolutionConfigurationPlatforms) = preSolution
		Debug|Any CPU = Debug|Any CPU
		Release|Any CPU = Release|Any CPU
	EndGlobalSection
	GlobalSection(ProjectConfigurationPlatforms) = postSolution
		{94183FFB-DEEC-44B6-9A71-FDD81B609018}.Debug|Any CPU.ActiveCfg = Debug|Any CPU
		{94183FFB-DEEC-44B6-9A71-FDD81B609018}.Debug|Any CPU.Build.0 = Debug|Any CPU
		{94183FFB-DEEC-44B6-9A71-FDD81B609018}.Release|Any CPU.ActiveCfg = Release|Any CPU
		{94183FFB-DEEC-44B6-9A71-FDD81B609018}.Release|Any CPU.Build.0 = Release|Any CPU
	EndGlobalSection
	GlobalSection(SolutionProperties) = preSolution
		HideSolutionNode = FALSE
	EndGlobalSection
	GlobalSection(ExtensibilityGlobals) = postSolution
		SolutionGuid = {992787DC-9262-4A7D-B01A-0C310B79B5CC}
	EndGlobalSection
EndGlobal
